
Microsoft Visual Studio Solution File, Format Version 12.00
# Visual Studio Version 16
VisualStudioVersion = 16.0.30413.136
MinimumVisualStudioVersion = 10.0.40219.1
Project("{8BC9CEB8-8B4A-11D0-8D11-00A0C91BC942}") = "HW-week6 3", "HW-week6 3\HW-week6 3.vcxproj", "{A228B794-4DA3-4FAF-A3B4-8B1C813472FE}"
EndProject
Global
	GlobalSection(SolutionConfigurationPlatforms) = preSolution
		Debug|x64 = Debug|x64
		Debug|x86 = Debug|x86
		Release|x64 = Release|x64
		Release|x86 = Release|x86
	EndGlobalSection
	GlobalSection(ProjectConfigurationPlatforms) = postSolution
		{A228B794-4DA3-4FAF-A3B4-8B1C813472FE}.Debug|x64.ActiveCfg = Debug|x64
		{A228B794-4DA3-4FAF-A3B4-8B1C813472FE}.Debug|x64.Build.0 = Debug|x64
		{A228B794-4DA3-4FAF-A3B4-8B1C813472FE}.Debug|x86.ActiveCfg = Debug|Win32
		{A228B794-4DA3-4FAF-A3B4-8B1C813472FE}.Debug|x86.Build.0 = Debug|Win32
		{A228B794-4DA3-4FAF-A3B4-8B1C813472FE}.Release|x64.ActiveCfg = Release|x64
		{A228B794-4DA3-4FAF-A3B4-8B1C813472FE}.Release|x64.Build.0 = Release|x64
		{A228B794-4DA3-4FAF-A3B4-8B1C813472FE}.Release|x86.ActiveCfg = Release|Win32
		{A228B794-4DA3-4FAF-A3B4-8B1C813472FE}.Release|x86.Build.0 = Release|Win32
	EndGlobalSection
	GlobalSection(SolutionProperties) = preSolution
		HideSolutionNode = FALSE
	EndGlobalSection
	GlobalSection(ExtensibilityGlobals) = postSolution
		SolutionGuid = {11CE36B6-100F-4296-AF64-D1688102AA89}
	EndGlobalSection
EndGlobal
